
Microsoft Visual Studio Solution File, Format Version 12.00
# Visual Studio Version 16
VisualStudioVersion = 16.0.32929.386
MinimumVisualStudioVersion = 10.0.40219.1
Project("{FAE04EC0-301F-11D3-BF4B-00C04F79EFBC}") = "Vizyondaki Filmler ve Bilgileri", "Vizyondaki Filmler ve Bilgileri\Vizyondaki Filmler ve Bilgileri.csproj", "{1D5CD9AC-231F-4824-AE8F-1D698B7E50DF}"
EndProject
Global
	GlobalSection(SolutionConfigurationPlatforms) = preSolution
		Debug|Any CPU = Debug|Any CPU
		Release|Any CPU = Release|Any CPU
	EndGlobalSection
	GlobalSection(ProjectConfigurationPlatforms) = postSolution
		{1D5CD9AC-231F-4824-AE8F-1D698B7E50DF}.Debug|Any CPU.ActiveCfg = Debug|Any CPU
		{1D5CD9AC-231F-4824-AE8F-1D698B7E50DF}.Debug|Any CPU.Build.0 = Debug|Any CPU
		{1D5CD9AC-231F-4824-AE8F-1D698B7E50DF}.Release|Any CPU.ActiveCfg = Release|Any CPU
		{1D5CD9AC-231F-4824-AE8F-1D698B7E50DF}.Release|Any CPU.Build.0 = Release|Any CPU
	EndGlobalSection
	GlobalSection(SolutionProperties) = preSolution
		HideSolutionNode = FALSE
	EndGlobalSection
	GlobalSection(ExtensibilityGlobals) = postSolution
		SolutionGuid = {433315E9-8971-47CB-B541-519C23400094}
	EndGlobalSection
EndGlobal
