
Microsoft Visual Studio Solution File, Format Version 12.00
# Visual Studio Version 16
VisualStudioVersion = 16.0.33130.400
MinimumVisualStudioVersion = 10.0.40219.1
Project("{9A19103F-16F7-4668-BE54-9A1E7A4F7556}") = "Z2S Sinema Otomasyonu Yeni Tasarım", "Z2S Sinema Otomasyonu Yeni Tasarım\Z2S Sinema Otomasyonu Yeni Tasarım.csproj", "{39AD9F8A-5B37-45BC-8CC9-4682CD46CF46}"
EndProject
Global
	GlobalSection(SolutionConfigurationPlatforms) = preSolution
		Debug|Any CPU = Debug|Any CPU
		Release|Any CPU = Release|Any CPU
	EndGlobalSection
	GlobalSection(ProjectConfigurationPlatforms) = postSolution
		{39AD9F8A-5B37-45BC-8CC9-4682CD46CF46}.Debug|Any CPU.ActiveCfg = Debug|Any CPU
		{39AD9F8A-5B37-45BC-8CC9-4682CD46CF46}.Debug|Any CPU.Build.0 = Debug|Any CPU
		{39AD9F8A-5B37-45BC-8CC9-4682CD46CF46}.Release|Any CPU.ActiveCfg = Release|Any CPU
		{39AD9F8A-5B37-45BC-8CC9-4682CD46CF46}.Release|Any CPU.Build.0 = Release|Any CPU
	EndGlobalSection
	GlobalSection(SolutionProperties) = preSolution
		HideSolutionNode = FALSE
	EndGlobalSection
	GlobalSection(ExtensibilityGlobals) = postSolution
		SolutionGuid = {7B81BA26-5DDA-4FE4-A68C-313F46234698}
	EndGlobalSection
EndGlobal
